# THIS IS AN AUTOGENERATED FILE. DO NOT EDIT THIS FILE DIRECTLY.
# yarn lockfile v1


"@babel/helper-string-parser@^7.25.9":
  version "7.25.9"
  resolved "https://registry.npmjs.org/@babel/helper-string-parser/-/helper-string-parser-7.25.9.tgz"
  integrity sha512-4A/SCr/2KLd5jrtOMFzaKjVtAei3+2r/NChoBNoZ3EyP/+GlhoaEGoWOZUmFmoITP7zOJyHIMm+DYRd8o3PvHA==

"@babel/helper-validator-identifier@^7.25.9":
  version "7.25.9"
  resolved "https://registry.npmjs.org/@babel/helper-validator-identifier/-/helper-validator-identifier-7.25.9.tgz"
  integrity sha512-Ed61U6XJc3CVRfkERJWDz4dJwKe7iLmmJsbOGu9wSloNSFttHV0I8g6UAgb7qnK5ly5bGLPd4oXZlxCdANBOWQ==

"@babel/parser@^7.25.3":
  version "7.26.8"
  resolved "https://registry.npmjs.org/@babel/parser/-/parser-7.26.8.tgz"
  integrity sha512-TZIQ25pkSoaKEYYaHbbxkfL36GNsQ6iFiBbeuzAkLnXayKR1yP1zFe+NxuZWWsUyvt8icPU9CCq0sgWGXR1GEw==
  dependencies:
    "@babel/types" "^7.26.8"

"@babel/types@^7.26.8":
  version "7.26.8"
  resolved "https://registry.npmjs.org/@babel/types/-/types-7.26.8.tgz"
  integrity sha512-eUuWapzEGWFEpHFxgEaBG8e3n6S8L3MSu0oda755rOfabWPnh0Our1AozNFVUxGFIhbKgd1ksprsoDGMinTOTA==
  dependencies:
    "@babel/helper-string-parser" "^7.25.9"
    "@babel/helper-validator-identifier" "^7.25.9"

"@esbuild/darwin-arm64@0.24.2":
  version "0.24.2"
  resolved "https://registry.npmjs.org/@esbuild/darwin-arm64/-/darwin-arm64-0.24.2.tgz"
  integrity sha512-kj3AnYWc+CekmZnS5IPu9D+HWtUI49hbnyqk0FLEJDbzCIQt7hg7ucF1SQAilhtYpIujfaHr6O0UHlzzSPdOeA==

"@firebase/analytics-compat@0.2.17":
  version "0.2.17"
  resolved "https://registry.npmjs.org/@firebase/analytics-compat/-/analytics-compat-0.2.17.tgz"
  integrity sha512-SJNVOeTvzdqZQvXFzj7yAirXnYcLDxh57wBFROfeowq/kRN1AqOw1tG6U4OiFOEhqi7s3xLze/LMkZatk2IEww==
  dependencies:
    "@firebase/analytics" "0.10.11"
    "@firebase/analytics-types" "0.8.3"
    "@firebase/component" "0.6.12"
    "@firebase/util" "1.10.3"
    tslib "^2.1.0"

"@firebase/analytics-types@0.8.3":
  version "0.8.3"
  resolved "https://registry.npmjs.org/@firebase/analytics-types/-/analytics-types-0.8.3.tgz"
  integrity sha512-VrIp/d8iq2g501qO46uGz3hjbDb8xzYMrbu8Tp0ovzIzrvJZ2fvmj649gTjge/b7cCCcjT0H37g1gVtlNhnkbg==

"@firebase/analytics@0.10.11":
  version "0.10.11"
  resolved "https://registry.npmjs.org/@firebase/analytics/-/analytics-0.10.11.tgz"
  integrity sha512-zwuPiRE0+hgcS95JZbJ6DFQN4xYFO8IyGxpeePTV51YJMwCf3lkBa6FnZ/iXIqDKcBPMgMuuEZozI0BJWaLEYg==
  dependencies:
    "@firebase/component" "0.6.12"
    "@firebase/installations" "0.6.12"
    "@firebase/logger" "0.4.4"
    "@firebase/util" "1.10.3"
    tslib "^2.1.0"

"@firebase/app-check-compat@0.3.18":
  version "0.3.18"
  resolved "https://registry.npmjs.org/@firebase/app-check-compat/-/app-check-compat-0.3.18.tgz"
  integrity sha512-qjozwnwYmAIdrsVGrJk+hnF1WBois54IhZR6gO0wtZQoTvWL/GtiA2F31TIgAhF0ayUiZhztOv1RfC7YyrZGDQ==
  dependencies:
    "@firebase/app-check" "0.8.11"
    "@firebase/app-check-types" "0.5.3"
    "@firebase/component" "0.6.12"
    "@firebase/logger" "0.4.4"
    "@firebase/util" "1.10.3"
    tslib "^2.1.0"

"@firebase/app-check-interop-types@0.3.3":
  version "0.3.3"
  resolved "https://registry.npmjs.org/@firebase/app-check-interop-types/-/app-check-interop-types-0.3.3.tgz"
  integrity sha512-gAlxfPLT2j8bTI/qfe3ahl2I2YcBQ8cFIBdhAQA4I2f3TndcO+22YizyGYuttLHPQEpWkhmpFW60VCFEPg4g5A==

"@firebase/app-check-types@0.5.3":
  version "0.5.3"
  resolved "https://registry.npmjs.org/@firebase/app-check-types/-/app-check-types-0.5.3.tgz"
  integrity sha512-hyl5rKSj0QmwPdsAxrI5x1otDlByQ7bvNvVt8G/XPO2CSwE++rmSVf3VEhaeOR4J8ZFaF0Z0NDSmLejPweZ3ng==

"@firebase/app-check@0.8.11":
  version "0.8.11"
  resolved "https://registry.npmjs.org/@firebase/app-check/-/app-check-0.8.11.tgz"
  integrity sha512-42zIfRI08/7bQqczAy7sY2JqZYEv3a1eNa4fLFdtJ54vNevbBIRSEA3fZgRqWFNHalh5ohsBXdrYgFqaRIuCcQ==
  dependencies:
    "@firebase/component" "0.6.12"
    "@firebase/logger" "0.4.4"
    "@firebase/util" "1.10.3"
    tslib "^2.1.0"

"@firebase/app-compat@0.2.50", "@firebase/app-compat@0.x":
  version "0.2.50"
  resolved "https://registry.npmjs.org/@firebase/app-compat/-/app-compat-0.2.50.tgz"
  integrity sha512-7yD362icKgjoNvFxwth420TNZgqCfuTJ28yQCdpyjC2fXyaZHhAbxVKnHEXGTAaUKSHWxsIy46lBKGi/x/Mflw==
  dependencies:
    "@firebase/app" "0.11.1"
    "@firebase/component" "0.6.12"
    "@firebase/logger" "0.4.4"
    "@firebase/util" "1.10.3"
    tslib "^2.1.0"

"@firebase/app-types@0.9.3", "@firebase/app-types@0.x":
  version "0.9.3"
  resolved "https://registry.npmjs.org/@firebase/app-types/-/app-types-0.9.3.tgz"
  integrity sha512-kRVpIl4vVGJ4baogMDINbyrIOtOxqhkZQg4jTq3l8Lw6WSk0xfpEYzezFu+Kl4ve4fbPl79dvwRtaFqAC/ucCw==

"@firebase/app@0.11.1", "@firebase/app@0.x":
  version "0.11.1"
  resolved "https://registry.npmjs.org/@firebase/app/-/app-0.11.1.tgz"
  integrity sha512-Vz4DrNLPfDx3RwQf+4klXtu7OUYDO6xz2hlRyFawWskS7YqdtNzkDDxrqH20KDfjCF1lib46/NgchIj1+8h4wQ==
  dependencies:
    "@firebase/component" "0.6.12"
    "@firebase/logger" "0.4.4"
    "@firebase/util" "1.10.3"
    idb "7.1.1"
    tslib "^2.1.0"

"@firebase/auth-compat@0.5.18":
  version "0.5.18"
  resolved "https://registry.npmjs.org/@firebase/auth-compat/-/auth-compat-0.5.18.tgz"
  integrity sha512-dFBev8AMNb2AgIt9afwf/Ku4/0Wq9R9OFSeBB/xjyJt+RfQ9PnNWqU2oFphews23byLg6jle8twRA7iOYfRGRw==
  dependencies:
    "@firebase/auth" "1.9.0"
    "@firebase/auth-types" "0.13.0"
    "@firebase/component" "0.6.12"
    "@firebase/util" "1.10.3"
    tslib "^2.1.0"

"@firebase/auth-interop-types@0.2.4":
  version "0.2.4"
  resolved "https://registry.npmjs.org/@firebase/auth-interop-types/-/auth-interop-types-0.2.4.tgz"
  integrity sha512-JPgcXKCuO+CWqGDnigBtvo09HeBs5u/Ktc2GaFj2m01hLarbxthLNm7Fk8iOP1aqAtXV+fnnGj7U28xmk7IwVA==

"@firebase/auth-types@0.13.0":
  version "0.13.0"
  resolved "https://registry.npmjs.org/@firebase/auth-types/-/auth-types-0.13.0.tgz"
  integrity sha512-S/PuIjni0AQRLF+l9ck0YpsMOdE8GO2KU6ubmBB7P+7TJUCQDa3R1dlgYm9UzGbbePMZsp0xzB93f2b/CgxMOg==

"@firebase/auth@1.9.0":
  version "1.9.0"
  resolved "https://registry.npmjs.org/@firebase/auth/-/auth-1.9.0.tgz"
  integrity sha512-Xz2mbEYauF689qXG/4HppS2+/yGo9R7B6eNUBh3H2+XpAZTGdx8d8TFsW/BMTAK9Q95NB0pb1Bbvfx0lwofq8Q==
  dependencies:
    "@firebase/component" "0.6.12"
    "@firebase/logger" "0.4.4"
    "@firebase/util" "1.10.3"
    tslib "^2.1.0"

"@firebase/component@0.6.12":
  version "0.6.12"
  resolved "https://registry.npmjs.org/@firebase/component/-/component-0.6.12.tgz"
  integrity sha512-YnxqjtohLbnb7raXt2YuA44cC1wA9GiehM/cmxrsoxKlFxBLy2V0OkRSj9gpngAE0UoJ421Wlav9ycO7lTPAUw==
  dependencies:
    "@firebase/util" "1.10.3"
    tslib "^2.1.0"

"@firebase/data-connect@0.3.0":
  version "0.3.0"
  resolved "https://registry.npmjs.org/@firebase/data-connect/-/data-connect-0.3.0.tgz"
  integrity sha512-inbLq0JyQD/d02Al3Lso0Hc8z1BVpB3dYSMFcQkeKhYyjn5bspLczLdasPbCOEUp8MOkLblLZhJuRs7Q/spFnw==
  dependencies:
    "@firebase/auth-interop-types" "0.2.4"
    "@firebase/component" "0.6.12"
    "@firebase/logger" "0.4.4"
    "@firebase/util" "1.10.3"
    tslib "^2.1.0"

"@firebase/database-compat@2.0.3":
  version "2.0.3"
  resolved "https://registry.npmjs.org/@firebase/database-compat/-/database-compat-2.0.3.tgz"
  integrity sha512-uHGQrSUeJvsDfA+IyHW5O4vdRPsCksEzv4T4Jins+bmQgYy20ZESU4x01xrQCn/nzqKHuQMEW99CoCO7D+5NiQ==
  dependencies:
    "@firebase/component" "0.6.12"
    "@firebase/database" "1.0.12"
    "@firebase/database-types" "1.0.8"
    "@firebase/logger" "0.4.4"
    "@firebase/util" "1.10.3"
    tslib "^2.1.0"

"@firebase/database-types@1.0.8":
  version "1.0.8"
  resolved "https://registry.npmjs.org/@firebase/database-types/-/database-types-1.0.8.tgz"
  integrity sha512-6lPWIGeufhUq1heofZULyVvWFhD01TUrkkB9vyhmksjZ4XF7NaivQp9rICMk7QNhqwa+uDCaj4j+Q8qqcSVZ9g==
  dependencies:
    "@firebase/app-types" "0.9.3"
    "@firebase/util" "1.10.3"

"@firebase/database@1.0.12":
  version "1.0.12"
  resolved "https://registry.npmjs.org/@firebase/database/-/database-1.0.12.tgz"
  integrity sha512-psFl5t6rSFHq3i3fnU1QQlc4BB9Hnhh8TgEqvQlPPm8kDLw8gYxvjqYw3c5CZW0+zKR837nwT6im/wtJUivMKw==
  dependencies:
    "@firebase/app-check-interop-types" "0.3.3"
    "@firebase/auth-interop-types" "0.2.4"
    "@firebase/component" "0.6.12"
    "@firebase/logger" "0.4.4"
    "@firebase/util" "1.10.3"
    faye-websocket "0.11.4"
    tslib "^2.1.0"

"@firebase/firestore-compat@0.3.43":
  version "0.3.43"
  resolved "https://registry.npmjs.org/@firebase/firestore-compat/-/firestore-compat-0.3.43.tgz"
  integrity sha512-zxg7YS07XQnTetGs3GADM/eA6HB4vWUp+Av4iugmTbft0fQxuTSnGm7ifctaYuR7VMTPckU9CW+oFC9QUNSYvg==
  dependencies:
    "@firebase/component" "0.6.12"
    "@firebase/firestore" "4.7.8"
    "@firebase/firestore-types" "3.0.3"
    "@firebase/util" "1.10.3"
    tslib "^2.1.0"

"@firebase/firestore-types@3.0.3":
  version "3.0.3"
  resolved "https://registry.npmjs.org/@firebase/firestore-types/-/firestore-types-3.0.3.tgz"
  integrity sha512-hD2jGdiWRxB/eZWF89xcK9gF8wvENDJkzpVFb4aGkzfEaKxVRD1kjz1t1Wj8VZEp2LCB53Yx1zD8mrhQu87R6Q==

"@firebase/firestore@4.7.8":
  version "4.7.8"
  resolved "https://registry.npmjs.org/@firebase/firestore/-/firestore-4.7.8.tgz"
  integrity sha512-eDvVJ/I5vSmIdGmLHJAK1OcviigIxjjia6i5/AkMFq6vZMt7CBXA0B5Xz9pGRCZ7WewFcsCbK1ZUQoYJ91+Cew==
  dependencies:
    "@firebase/component" "0.6.12"
    "@firebase/logger" "0.4.4"
    "@firebase/util" "1.10.3"
    "@firebase/webchannel-wrapper" "1.0.3"
    "@grpc/grpc-js" "~1.9.0"
    "@grpc/proto-loader" "^0.7.8"
    tslib "^2.1.0"

"@firebase/functions-compat@0.3.19":
  version "0.3.19"
  resolved "https://registry.npmjs.org/@firebase/functions-compat/-/functions-compat-0.3.19.tgz"
  integrity sha512-uw4tR8NcJCDu86UD63Za8A8SgFgmAVFb1XsGlkuBY7gpLyZWEFavWnwRkZ/8cUwpqUhp/SptXFZ1WFJSnOokLw==
  dependencies:
    "@firebase/component" "0.6.12"
    "@firebase/functions" "0.12.2"
    "@firebase/functions-types" "0.6.3"
    "@firebase/util" "1.10.3"
    tslib "^2.1.0"

"@firebase/functions-types@0.6.3":
  version "0.6.3"
  resolved "https://registry.npmjs.org/@firebase/functions-types/-/functions-types-0.6.3.tgz"
  integrity sha512-EZoDKQLUHFKNx6VLipQwrSMh01A1SaL3Wg6Hpi//x6/fJ6Ee4hrAeswK99I5Ht8roiniKHw4iO0B1Oxj5I4plg==

"@firebase/functions@0.12.2":
  version "0.12.2"
  resolved "https://registry.npmjs.org/@firebase/functions/-/functions-0.12.2.tgz"
  integrity sha512-iKpFDoCYk/Qm+Qwv5ynRb9/yq64QOt0A0+t9NuekyAZnSoV56kSNq/PmsVmBauar5SlmEjhHk6QKdMBP9S0gXA==
  dependencies:
    "@firebase/app-check-interop-types" "0.3.3"
    "@firebase/auth-interop-types" "0.2.4"
    "@firebase/component" "0.6.12"
    "@firebase/messaging-interop-types" "0.2.3"
    "@firebase/util" "1.10.3"
    tslib "^2.1.0"

"@firebase/installations-compat@0.2.12":
  version "0.2.12"
  resolved "https://registry.npmjs.org/@firebase/installations-compat/-/installations-compat-0.2.12.tgz"
  integrity sha512-RhcGknkxmFu92F6Jb3rXxv6a4sytPjJGifRZj8MSURPuv2Xu+/AispCXEfY1ZraobhEHTG5HLGsP6R4l9qB5aA==
  dependencies:
    "@firebase/component" "0.6.12"
    "@firebase/installations" "0.6.12"
    "@firebase/installations-types" "0.5.3"
    "@firebase/util" "1.10.3"
    tslib "^2.1.0"

"@firebase/installations-types@0.5.3":
  version "0.5.3"
  resolved "https://registry.npmjs.org/@firebase/installations-types/-/installations-types-0.5.3.tgz"
  integrity sha512-2FJI7gkLqIE0iYsNQ1P751lO3hER+Umykel+TkLwHj6plzWVxqvfclPUZhcKFVQObqloEBTmpi2Ozn7EkCABAA==

"@firebase/installations@0.6.12":
  version "0.6.12"
  resolved "https://registry.npmjs.org/@firebase/installations/-/installations-0.6.12.tgz"
  integrity sha512-ES/WpuAV2k2YtBTvdaknEo7IY8vaGjIjS3zhnHSAIvY9KwTR8XZFXOJoZ3nSkjN1A5R4MtEh+07drnzPDg9vaw==
  dependencies:
    "@firebase/component" "0.6.12"
    "@firebase/util" "1.10.3"
    idb "7.1.1"
    tslib "^2.1.0"

"@firebase/logger@0.4.4":
  version "0.4.4"
  resolved "https://registry.npmjs.org/@firebase/logger/-/logger-0.4.4.tgz"
  integrity sha512-mH0PEh1zoXGnaR8gD1DeGeNZtWFKbnz9hDO91dIml3iou1gpOnLqXQ2dJfB71dj6dpmUjcQ6phY3ZZJbjErr9g==
  dependencies:
    tslib "^2.1.0"

"@firebase/messaging-compat@0.2.16":
  version "0.2.16"
  resolved "https://registry.npmjs.org/@firebase/messaging-compat/-/messaging-compat-0.2.16.tgz"
  integrity sha512-9HZZ88Ig3zQ0ok/Pwt4gQcNsOhoEy8hDHoGsV1am6ulgMuGuDVD2gl11Lere2ksL+msM12Lddi2x/7TCqmODZw==
  dependencies:
    "@firebase/component" "0.6.12"
    "@firebase/messaging" "0.12.16"
    "@firebase/util" "1.10.3"
    tslib "^2.1.0"

"@firebase/messaging-interop-types@0.2.3":
  version "0.2.3"
  resolved "https://registry.npmjs.org/@firebase/messaging-interop-types/-/messaging-interop-types-0.2.3.tgz"
  integrity sha512-xfzFaJpzcmtDjycpDeCUj0Ge10ATFi/VHVIvEEjDNc3hodVBQADZ7BWQU7CuFpjSHE+eLuBI13z5F/9xOoGX8Q==

"@firebase/messaging@0.12.16":
  version "0.12.16"
  resolved "https://registry.npmjs.org/@firebase/messaging/-/messaging-0.12.16.tgz"
  integrity sha512-VJ8sCEIeP3+XkfbJA7410WhYGHdloYFZXoHe/vt+vNVDGw8JQPTQSVTRvjrUprEf5I4Tbcnpr2H34lS6zhCHSA==
  dependencies:
    "@firebase/component" "0.6.12"
    "@firebase/installations" "0.6.12"
    "@firebase/messaging-interop-types" "0.2.3"
    "@firebase/util" "1.10.3"
    idb "7.1.1"
    tslib "^2.1.0"

"@firebase/performance-compat@0.2.13":
  version "0.2.13"
  resolved "https://registry.npmjs.org/@firebase/performance-compat/-/performance-compat-0.2.13.tgz"
  integrity sha512-pB0SMQj2TLQ6roDcX0YQDWvUnVgsVOl0VnUvyT/VBdCUuQYDHobZsPEuQsoEqmPA44KS/Gl0oyKqf+I8UPtRgw==
  dependencies:
    "@firebase/component" "0.6.12"
    "@firebase/logger" "0.4.4"
    "@firebase/performance" "0.7.0"
    "@firebase/performance-types" "0.2.3"
    "@firebase/util" "1.10.3"
    tslib "^2.1.0"

"@firebase/performance-types@0.2.3":
  version "0.2.3"
  resolved "https://registry.npmjs.org/@firebase/performance-types/-/performance-types-0.2.3.tgz"
  integrity sha512-IgkyTz6QZVPAq8GSkLYJvwSLr3LS9+V6vNPQr0x4YozZJiLF5jYixj0amDtATf1X0EtYHqoPO48a9ija8GocxQ==

"@firebase/performance@0.7.0":
  version "0.7.0"
  resolved "https://registry.npmjs.org/@firebase/performance/-/performance-0.7.0.tgz"
  integrity sha512-L91PwYuiJdKXKSRqsWNicvTppAJVzKjye03UlegeD6TkpKjb93T8AmJ9B0Mt0bcWHCNtnnRBCdSCvD2U9GZDjw==
  dependencies:
    "@firebase/component" "0.6.12"
    "@firebase/installations" "0.6.12"
    "@firebase/logger" "0.4.4"
    "@firebase/util" "1.10.3"
    tslib "^2.1.0"
    web-vitals "^4.2.4"

"@firebase/remote-config-compat@0.2.12":
  version "0.2.12"
  resolved "https://registry.npmjs.org/@firebase/remote-config-compat/-/remote-config-compat-0.2.12.tgz"
  integrity sha512-91jLWPtubIuPBngg9SzwvNCWzhMLcyBccmt7TNZP+y1cuYFNOWWHKUXQ3IrxCLB7WwLqQaEu7fTDAjHsTyBsSw==
  dependencies:
    "@firebase/component" "0.6.12"
    "@firebase/logger" "0.4.4"
    "@firebase/remote-config" "0.5.0"
    "@firebase/remote-config-types" "0.4.0"
    "@firebase/util" "1.10.3"
    tslib "^2.1.0"

"@firebase/remote-config-types@0.4.0":
  version "0.4.0"
  resolved "https://registry.npmjs.org/@firebase/remote-config-types/-/remote-config-types-0.4.0.tgz"
  integrity sha512-7p3mRE/ldCNYt8fmWMQ/MSGRmXYlJ15Rvs9Rk17t8p0WwZDbeK7eRmoI1tvCPaDzn9Oqh+yD6Lw+sGLsLg4kKg==

"@firebase/remote-config@0.5.0":
  version "0.5.0"
  resolved "https://registry.npmjs.org/@firebase/remote-config/-/remote-config-0.5.0.tgz"
  integrity sha512-weiEbpBp5PBJTHUWR4GwI7ZacaAg68BKha5QnZ8Go65W4oQjEWqCW/rfskABI/OkrGijlL3CUmCB/SA6mVo0qA==
  dependencies:
    "@firebase/component" "0.6.12"
    "@firebase/installations" "0.6.12"
    "@firebase/logger" "0.4.4"
    "@firebase/util" "1.10.3"
    tslib "^2.1.0"

"@firebase/storage-compat@0.3.16":
  version "0.3.16"
  resolved "https://registry.npmjs.org/@firebase/storage-compat/-/storage-compat-0.3.16.tgz"
  integrity sha512-EeMuok/s0r938lEomia8XILEqSYULm7HcYZ/GTZLDWur0kMf2ktuPVZiTdRiwEV3Iki7FtQO5txrQ/0pLRVLAw==
  dependencies:
    "@firebase/component" "0.6.12"
    "@firebase/storage" "0.13.6"
    "@firebase/storage-types" "0.8.3"
    "@firebase/util" "1.10.3"
    tslib "^2.1.0"

"@firebase/storage-types@0.8.3":
  version "0.8.3"
  resolved "https://registry.npmjs.org/@firebase/storage-types/-/storage-types-0.8.3.tgz"
  integrity sha512-+Muk7g9uwngTpd8xn9OdF/D48uiQ7I1Fae7ULsWPuKoCH3HU7bfFPhxtJYzyhjdniowhuDpQcfPmuNRAqZEfvg==

"@firebase/storage@0.13.6":
  version "0.13.6"
  resolved "https://registry.npmjs.org/@firebase/storage/-/storage-0.13.6.tgz"
  integrity sha512-BEJLYQzVgAoglRl5VRIRZ91RRBZgS/O37/PSGQJBYNuoLmFZUrtwrlLTOAwG776NlO9VQR+K2j15/36Lr2EqHA==
  dependencies:
    "@firebase/component" "0.6.12"
    "@firebase/util" "1.10.3"
    tslib "^2.1.0"

"@firebase/util@1.10.3", "@firebase/util@1.x":
  version "1.10.3"
  resolved "https://registry.npmjs.org/@firebase/util/-/util-1.10.3.tgz"
  integrity sha512-wfoF5LTy0m2ufUapV0ZnpcGQvuavTbJ5Qr1Ze9OJGL70cSMvhDyjS4w2121XdA3lGZSTOsDOyGhpoDtYwck85A==
  dependencies:
    tslib "^2.1.0"

"@firebase/vertexai@1.0.4":
  version "1.0.4"
  resolved "https://registry.npmjs.org/@firebase/vertexai/-/vertexai-1.0.4.tgz"
  integrity sha512-Nkf/r4u166b4Id6zrrW0Qtg1KyZpQvvYchtkebamnHtIfY+Qnt51I/sx4Saos/WrmO8SnrSU850LfmJ7pehYXg==
  dependencies:
    "@firebase/app-check-interop-types" "0.3.3"
    "@firebase/component" "0.6.12"
    "@firebase/logger" "0.4.4"
    "@firebase/util" "1.10.3"
    tslib "^2.1.0"

"@firebase/webchannel-wrapper@1.0.3":
  version "1.0.3"
  resolved "https://registry.npmjs.org/@firebase/webchannel-wrapper/-/webchannel-wrapper-1.0.3.tgz"
  integrity sha512-2xCRM9q9FlzGZCdgDMJwc0gyUkWFtkosy7Xxr6sFgQwn+wMNIWd7xIvYNauU1r64B5L5rsGKy/n9TKJ0aAFeqQ==

"@fortawesome/fontawesome-free@^6.7.2":
  version "6.7.2"
  resolved "https://registry.npmjs.org/@fortawesome/fontawesome-free/-/fontawesome-free-6.7.2.tgz"
  integrity sha512-JUOtgFW6k9u4Y+xeIaEiLr3+cjoUPiAuLXoyKOJSia6Duzb7pq+A76P9ZdPDoAoxHdHzq6gE9/jKBGXlZT8FbA==

"@grpc/grpc-js@~1.9.0":
  version "1.9.15"
  resolved "https://registry.npmjs.org/@grpc/grpc-js/-/grpc-js-1.9.15.tgz"
  integrity sha512-nqE7Hc0AzI+euzUwDAy0aY5hCp10r734gMGRdU+qOPX0XSceI2ULrcXB5U2xSc5VkWwalCj4M7GzCAygZl2KoQ==
  dependencies:
    "@grpc/proto-loader" "^0.7.8"
    "@types/node" ">=12.12.47"

"@grpc/proto-loader@^0.7.8":
  version "0.7.13"
  resolved "https://registry.npmjs.org/@grpc/proto-loader/-/proto-loader-0.7.13.tgz"
  integrity sha512-AiXO/bfe9bmxBjxxtYxFAXGZvMaN5s8kO+jBHAJCON8rJoB5YS/D6X7ZNc6XQkuHNmyl4CYaMI1fJ/Gn27RGGw==
  dependencies:
    lodash.camelcase "^4.3.0"
    long "^5.0.0"
    protobufjs "^7.2.5"
    yargs "^17.7.2"

"@jridgewell/sourcemap-codec@^1.5.0":
  version "1.5.0"
  resolved "https://registry.npmjs.org/@jridgewell/sourcemap-codec/-/sourcemap-codec-1.5.0.tgz"
  integrity sha512-gv3ZRaISU3fjPAgNsriBRqGWQL6quFx04YMPW/zD8XMLsU32mhCCbfbO6KZFLjvYpCZ8zyDEgqsgf+PwPaM7GQ==

"@protobufjs/aspromise@^1.1.1", "@protobufjs/aspromise@^1.1.2":
  version "1.1.2"
  resolved "https://registry.npmjs.org/@protobufjs/aspromise/-/aspromise-1.1.2.tgz"
  integrity sha512-j+gKExEuLmKwvz3OgROXtrJ2UG2x8Ch2YZUxahh+s1F2HZ+wAceUNLkvy6zKCPVRkU++ZWQrdxsUeQXmcg4uoQ==

"@protobufjs/base64@^1.1.2":
  version "1.1.2"
  resolved "https://registry.npmjs.org/@protobufjs/base64/-/base64-1.1.2.tgz"
  integrity sha512-AZkcAA5vnN/v4PDqKyMR5lx7hZttPDgClv83E//FMNhR2TMcLUhfRUBHCmSl0oi9zMgDDqRUJkSxO3wm85+XLg==

"@protobufjs/codegen@^2.0.4":
  version "2.0.4"
  resolved "https://registry.npmjs.org/@protobufjs/codegen/-/codegen-2.0.4.tgz"
  integrity sha512-YyFaikqM5sH0ziFZCN3xDC7zeGaB/d0IUb9CATugHWbd1FRFwWwt4ld4OYMPWu5a3Xe01mGAULCdqhMlPl29Jg==

"@protobufjs/eventemitter@^1.1.0":
  version "1.1.0"
  resolved "https://registry.npmjs.org/@protobufjs/eventemitter/-/eventemitter-1.1.0.tgz"
  integrity sha512-j9ednRT81vYJ9OfVuXG6ERSTdEL1xVsNgqpkxMsbIabzSo3goCjDIveeGv5d03om39ML71RdmrGNjG5SReBP/Q==

"@protobufjs/fetch@^1.1.0":
  version "1.1.0"
  resolved "https://registry.npmjs.org/@protobufjs/fetch/-/fetch-1.1.0.tgz"
  integrity sha512-lljVXpqXebpsijW71PZaCYeIcE5on1w5DlQy5WH6GLbFryLUrBD4932W/E2BSpfRJWseIL4v/KPgBFxDOIdKpQ==
  dependencies:
    "@protobufjs/aspromise" "^1.1.1"
    "@protobufjs/inquire" "^1.1.0"

"@protobufjs/float@^1.0.2":
  version "1.0.2"
  resolved "https://registry.npmjs.org/@protobufjs/float/-/float-1.0.2.tgz"
  integrity sha512-Ddb+kVXlXst9d+R9PfTIxh1EdNkgoRe5tOX6t01f1lYWOvJnSPDBlG241QLzcyPdoNTsblLUdujGSE4RzrTZGQ==

"@protobufjs/inquire@^1.1.0":
  version "1.1.0"
  resolved "https://registry.npmjs.org/@protobufjs/inquire/-/inquire-1.1.0.tgz"
  integrity sha512-kdSefcPdruJiFMVSbn801t4vFK7KB/5gd2fYvrxhuJYg8ILrmn9SKSX2tZdV6V+ksulWqS7aXjBcRXl3wHoD9Q==

"@protobufjs/path@^1.1.2":
  version "1.1.2"
  resolved "https://registry.npmjs.org/@protobufjs/path/-/path-1.1.2.tgz"
  integrity sha512-6JOcJ5Tm08dOHAbdR3GrvP+yUUfkjG5ePsHYczMFLq3ZmMkAD98cDgcT2iA1lJ9NVwFd4tH/iSSoe44YWkltEA==

"@protobufjs/pool@^1.1.0":
  version "1.1.0"
  resolved "https://registry.npmjs.org/@protobufjs/pool/-/pool-1.1.0.tgz"
  integrity sha512-0kELaGSIDBKvcgS4zkjz1PeddatrjYcmMWOlAuAPwAeccUrPHdUqo/J6LiymHHEiJT5NrF1UVwxY14f+fy4WQw==

"@protobufjs/utf8@^1.1.0":
  version "1.1.0"
  resolved "https://registry.npmjs.org/@protobufjs/utf8/-/utf8-1.1.0.tgz"
  integrity sha512-Vvn3zZrhQZkkBE8LSuW3em98c0FwgO4nxzv6OdSxPKJIEKY2bGbHn+mhGIPerzI4twdxaP8/0+06HBpwf345Lw==

"@rollup/rollup-darwin-arm64@4.34.6":
  version "4.34.6"
  resolved "https://registry.npmjs.org/@rollup/rollup-darwin-arm64/-/rollup-darwin-arm64-4.34.6.tgz"
  integrity sha512-z9Ib+OzqN3DZEjX7PDQMHEhtF+t6Mi2z/ueChQPLS/qUMKY7Ybn5A2ggFoKRNRh1q1T03YTQfBTQCJZiepESAg==

"@types/estree@1.0.6":
  version "1.0.6"
  resolved "https://registry.npmjs.org/@types/estree/-/estree-1.0.6.tgz"
  integrity sha512-AYnb1nQyY49te+VRAVgmzfcgjYS91mY5P0TKUDCLEM+gNnA+3T6rWITXRLYCpahpqSQbN5cE+gHpnPyXjHWxcw==

"@types/node@^18.0.0 || ^20.0.0 || >=22.0.0", "@types/node@>=12.12.47", "@types/node@>=13.7.0":
  version "22.13.1"
  resolved "https://registry.npmjs.org/@types/node/-/node-22.13.1.tgz"
  integrity sha512-jK8uzQlrvXqEU91UxiK5J7pKHyzgnI1Qnl0QDHIgVGuolJhRb9EEl28Cj9b3rGR8B2lhFCtvIm5os8lFnO/1Ew==
  dependencies:
    undici-types "~6.20.0"

"@vitejs/plugin-vue@^5.2.1":
  version "5.2.1"
  resolved "https://registry.npmjs.org/@vitejs/plugin-vue/-/plugin-vue-5.2.1.tgz"
  integrity sha512-cxh314tzaWwOLqVes2gnnCtvBDcM1UMdn+iFR+UjAn411dPT3tOmqrJjbMd7koZpMAmBM/GqeV4n9ge7JSiJJQ==

"@vue/compiler-core@3.5.13":
  version "3.5.13"
  resolved "https://registry.npmjs.org/@vue/compiler-core/-/compiler-core-3.5.13.tgz"
  integrity sha512-oOdAkwqUfW1WqpwSYJce06wvt6HljgY3fGeM9NcVA1HaYOij3mZG9Rkysn0OHuyUAGMbEbARIpsG+LPVlBJ5/Q==
  dependencies:
    "@babel/parser" "^7.25.3"
    "@vue/shared" "3.5.13"
    entities "^4.5.0"
    estree-walker "^2.0.2"
    source-map-js "^1.2.0"

"@vue/compiler-dom@3.5.13":
  version "3.5.13"
  resolved "https://registry.npmjs.org/@vue/compiler-dom/-/compiler-dom-3.5.13.tgz"
  integrity sha512-ZOJ46sMOKUjO3e94wPdCzQ6P1Lx/vhp2RSvfaab88Ajexs0AHeV0uasYhi99WPaogmBlRHNRuly8xV75cNTMDA==
  dependencies:
    "@vue/compiler-core" "3.5.13"
    "@vue/shared" "3.5.13"

"@vue/compiler-sfc@3.5.13":
  version "3.5.13"
  resolved "https://registry.npmjs.org/@vue/compiler-sfc/-/compiler-sfc-3.5.13.tgz"
  integrity sha512-6VdaljMpD82w6c2749Zhf5T9u5uLBWKnVue6XWxprDobftnletJ8+oel7sexFfM3qIxNmVE7LSFGTpv6obNyaQ==
  dependencies:
    "@babel/parser" "^7.25.3"
    "@vue/compiler-core" "3.5.13"
    "@vue/compiler-dom" "3.5.13"
    "@vue/compiler-ssr" "3.5.13"
    "@vue/shared" "3.5.13"
    estree-walker "^2.0.2"
    magic-string "^0.30.11"
    postcss "^8.4.48"
    source-map-js "^1.2.0"

"@vue/compiler-ssr@3.5.13":
  version "3.5.13"
  resolved "https://registry.npmjs.org/@vue/compiler-ssr/-/compiler-ssr-3.5.13.tgz"
  integrity sha512-wMH6vrYHxQl/IybKJagqbquvxpWCuVYpoUJfCqFZwa/JY1GdATAQ+TgVtgrwwMZ0D07QhA99rs/EAAWfvG6KpA==
  dependencies:
    "@vue/compiler-dom" "3.5.13"
    "@vue/shared" "3.5.13"

"@vue/devtools-api@^6.6.4":
  version "6.6.4"
  resolved "https://registry.npmjs.org/@vue/devtools-api/-/devtools-api-6.6.4.tgz"
  integrity sha512-sGhTPMuXqZ1rVOk32RylztWkfXTRhuS7vgAKv0zjqk8gbsHkJ7xfFf+jbySxt7tWObEJwyKaHMikV/WGDiQm8g==

"@vue/reactivity@3.5.13":
  version "3.5.13"
  resolved "https://registry.npmjs.org/@vue/reactivity/-/reactivity-3.5.13.tgz"
  integrity sha512-NaCwtw8o48B9I6L1zl2p41OHo/2Z4wqYGGIK1Khu5T7yxrn+ATOixn/Udn2m+6kZKB/J7cuT9DbWWhRxqixACg==
  dependencies:
    "@vue/shared" "3.5.13"

"@vue/runtime-core@3.5.13":
  version "3.5.13"
  resolved "https://registry.npmjs.org/@vue/runtime-core/-/runtime-core-3.5.13.tgz"
  integrity sha512-Fj4YRQ3Az0WTZw1sFe+QDb0aXCerigEpw418pw1HBUKFtnQHWzwojaukAs2X/c9DQz4MQ4bsXTGlcpGxU/RCIw==
  dependencies:
    "@vue/reactivity" "3.5.13"
    "@vue/shared" "3.5.13"

"@vue/runtime-dom@3.5.13":
  version "3.5.13"
  resolved "https://registry.npmjs.org/@vue/runtime-dom/-/runtime-dom-3.5.13.tgz"
  integrity sha512-dLaj94s93NYLqjLiyFzVs9X6dWhTdAlEAciC3Moq7gzAc13VJUdCnjjRurNM6uTLFATRHexHCTu/Xp3eW6yoog==
  dependencies:
    "@vue/reactivity" "3.5.13"
    "@vue/runtime-core" "3.5.13"
    "@vue/shared" "3.5.13"
    csstype "^3.1.3"

"@vue/server-renderer@3.5.13":
  version "3.5.13"
  resolved "https://registry.npmjs.org/@vue/server-renderer/-/server-renderer-3.5.13.tgz"
  integrity sha512-wAi4IRJV/2SAW3htkTlB+dHeRmpTiVIK1OGLWV1yeStVSebSQQOwGwIq0D3ZIoBj2C2qpgz5+vX9iEBkTdk5YA==
  dependencies:
    "@vue/compiler-ssr" "3.5.13"
    "@vue/shared" "3.5.13"

"@vue/shared@3.5.13":
  version "3.5.13"
  resolved "https://registry.npmjs.org/@vue/shared/-/shared-3.5.13.tgz"
  integrity sha512-/hnE/qP5ZoGpol0a5mDi45bOd7t3tjYJBjsgCsivow7D48cJeV5l05RD82lPqi7gRiphZM37rnhW1l6ZoCNNnQ==

ansi-regex@^5.0.1:
  version "5.0.1"
  resolved "https://registry.npmjs.org/ansi-regex/-/ansi-regex-5.0.1.tgz"
  integrity sha512-quJQXlTSUGL2LH9SUXo8VwsY4soanhgo6LNSm84E1LBcE8s3O0wpdiRzyR9z/ZZJMlMWv37qOOb9pdJlMUEKFQ==

ansi-styles@^4.0.0:
  version "4.3.0"
  resolved "https://registry.npmjs.org/ansi-styles/-/ansi-styles-4.3.0.tgz"
  integrity sha512-zbB9rCJAT1rbjiVDb2hqKFHNYLxgtk8NURxZ3IZwD3F6NtxbXZQCnnSi1Lkx+IDohdPlFp222wVALIheZJQSEg==
  dependencies:
    color-convert "^2.0.1"

cliui@^8.0.1:
  version "8.0.1"
  resolved "https://registry.npmjs.org/cliui/-/cliui-8.0.1.tgz"
  integrity sha512-BSeNnyus75C4//NQ9gQt1/csTXyo/8Sb+afLAkzAptFuMsod9HFokGNudZpi/oQV73hnVK+sR+5PVRMd+Dr7YQ==
  dependencies:
    string-width "^4.2.0"
    strip-ansi "^6.0.1"
    wrap-ansi "^7.0.0"

color-convert@^2.0.1:
  version "2.0.1"
  resolved "https://registry.npmjs.org/color-convert/-/color-convert-2.0.1.tgz"
  integrity sha512-RRECPsj7iu/xb5oKYcsFHSppFNnsj/52OVTRKb4zP5onXwVF3zVmmToNcOfGC+CRDpfK/U584fMg38ZHCaElKQ==
  dependencies:
    color-name "~1.1.4"

color-name@~1.1.4:
  version "1.1.4"
  resolved "https://registry.npmjs.org/color-name/-/color-name-1.1.4.tgz"
  integrity sha512-dOy+3AuW3a2wNbZHIuMZpTcgjGuLU/uBL/ubcZF9OXbDo8ff4O8yVp5Bf0efS8uEoYo5q4Fx7dY9OgQGXgAsQA==

csstype@^3.1.3:
  version "3.1.3"
  resolved "https://registry.npmjs.org/csstype/-/csstype-3.1.3.tgz"
  integrity sha512-M1uQkMl8rQK/szD0LNhtqxIPLpimGm8sOBwU7lLnCpSbTyY3yeU1Vc7l4KT5zT4s/yOxHH5O7tIuuLOCnLADRw==

emoji-regex@^8.0.0:
  version "8.0.0"
  resolved "https://registry.npmjs.org/emoji-regex/-/emoji-regex-8.0.0.tgz"
  integrity sha512-MSjYzcWNOA0ewAHpz0MxpYFvwg6yjy1NG3xteoqz644VCo/RPgnr1/GGt+ic3iJTzQ8Eu3TdM14SawnVUmGE6A==

entities@^4.5.0:
  version "4.5.0"
  resolved "https://registry.npmjs.org/entities/-/entities-4.5.0.tgz"
  integrity sha512-V0hjH4dGPh9Ao5p0MoRY6BVqtwCjhz6vI5LT8AJ55H+4g9/4vbHx1I54fS0XuclLhDHArPQCiMjDxjaL8fPxhw==

esbuild@^0.24.2:
  version "0.24.2"
  resolved "https://registry.npmjs.org/esbuild/-/esbuild-0.24.2.tgz"
  integrity sha512-+9egpBW8I3CD5XPe0n6BfT5fxLzxrlDzqydF3aviG+9ni1lDC/OvMHcxqEFV0+LANZG5R1bFMWfUrjVsdwxJvA==
  optionalDependencies:
    "@esbuild/aix-ppc64" "0.24.2"
    "@esbuild/android-arm" "0.24.2"
    "@esbuild/android-arm64" "0.24.2"
    "@esbuild/android-x64" "0.24.2"
    "@esbuild/darwin-arm64" "0.24.2"
    "@esbuild/darwin-x64" "0.24.2"
    "@esbuild/freebsd-arm64" "0.24.2"
    "@esbuild/freebsd-x64" "0.24.2"
    "@esbuild/linux-arm" "0.24.2"
    "@esbuild/linux-arm64" "0.24.2"
    "@esbuild/linux-ia32" "0.24.2"
    "@esbuild/linux-loong64" "0.24.2"
    "@esbuild/linux-mips64el" "0.24.2"
    "@esbuild/linux-ppc64" "0.24.2"
    "@esbuild/linux-riscv64" "0.24.2"
    "@esbuild/linux-s390x" "0.24.2"
    "@esbuild/linux-x64" "0.24.2"
    "@esbuild/netbsd-arm64" "0.24.2"
    "@esbuild/netbsd-x64" "0.24.2"
    "@esbuild/openbsd-arm64" "0.24.2"
    "@esbuild/openbsd-x64" "0.24.2"
    "@esbuild/sunos-x64" "0.24.2"
    "@esbuild/win32-arm64" "0.24.2"
    "@esbuild/win32-ia32" "0.24.2"
    "@esbuild/win32-x64" "0.24.2"

escalade@^3.1.1:
  version "3.2.0"
  resolved "https://registry.npmjs.org/escalade/-/escalade-3.2.0.tgz"
  integrity sha512-WUj2qlxaQtO4g6Pq5c29GTcWGDyd8itL8zTlipgECz3JesAiiOKotd8JU6otB3PACgG6xkJUyVhboMS+bje/jA==

estree-walker@^2.0.2:
  version "2.0.2"
  resolved "https://registry.npmjs.org/estree-walker/-/estree-walker-2.0.2.tgz"
  integrity sha512-Rfkk/Mp/DL7JVje3u18FxFujQlTNR2q6QfMSMB7AvCBx91NGj/ba3kCfza0f6dVDbw7YlRf/nDrn7pQrCCyQ/w==

faye-websocket@0.11.4:
  version "0.11.4"
  resolved "https://registry.npmjs.org/faye-websocket/-/faye-websocket-0.11.4.tgz"
  integrity sha512-CzbClwlXAuiRQAlUyfqPgvPoNKTckTPGfwZV4ZdAhVcP2lh9KUxJg2b5GkE7XbjKQ3YJnQ9z6D9ntLAlB+tP8g==
  dependencies:
    websocket-driver ">=0.5.1"

firebase@^11.3.1, "firebase@^9.0.0 || ^10.0.0 || ^11.0.0":
  version "11.3.1"
  resolved "https://registry.npmjs.org/firebase/-/firebase-11.3.1.tgz"
  integrity sha512-P4YVFM0Bm2d8aO61SCEMF8E1pYgieGLrmr/LFw7vs6sAMebwuwHt+Wug+1qL2fhAHWPwpWbCLsdJH8NQ+4Sw8Q==
  dependencies:
    "@firebase/analytics" "0.10.11"
    "@firebase/analytics-compat" "0.2.17"
    "@firebase/app" "0.11.1"
    "@firebase/app-check" "0.8.11"
    "@firebase/app-check-compat" "0.3.18"
    "@firebase/app-compat" "0.2.50"
    "@firebase/app-types" "0.9.3"
    "@firebase/auth" "1.9.0"
    "@firebase/auth-compat" "0.5.18"
    "@firebase/data-connect" "0.3.0"
    "@firebase/database" "1.0.12"
    "@firebase/database-compat" "2.0.3"
    "@firebase/firestore" "4.7.8"
    "@firebase/firestore-compat" "0.3.43"
    "@firebase/functions" "0.12.2"
    "@firebase/functions-compat" "0.3.19"
    "@firebase/installations" "0.6.12"
    "@firebase/installations-compat" "0.2.12"
    "@firebase/messaging" "0.12.16"
    "@firebase/messaging-compat" "0.2.16"
    "@firebase/performance" "0.7.0"
    "@firebase/performance-compat" "0.2.13"
    "@firebase/remote-config" "0.5.0"
    "@firebase/remote-config-compat" "0.2.12"
    "@firebase/storage" "0.13.6"
    "@firebase/storage-compat" "0.3.16"
    "@firebase/util" "1.10.3"
    "@firebase/vertexai" "1.0.4"

fsevents@~2.3.2, fsevents@~2.3.3:
  version "2.3.3"
  resolved "https://registry.npmjs.org/fsevents/-/fsevents-2.3.3.tgz"
  integrity sha512-5xoDfX+fL7faATnagmWPpbFtwh/R77WmMMqqHGS65C3vvB0YHrgF+B1YmZ3441tMj5n63k0212XNoJwzlhffQw==

get-caller-file@^2.0.5:
  version "2.0.5"
  resolved "https://registry.npmjs.org/get-caller-file/-/get-caller-file-2.0.5.tgz"
  integrity sha512-DyFP3BM/3YHTQOCUL/w0OZHR0lpKeGrxotcHWcqNEdnltqFwXVfhEBQ94eIo34AfQpo0rGki4cyIiftY06h2Fg==

http-parser-js@>=0.5.1:
  version "0.5.9"
  resolved "https://registry.npmjs.org/http-parser-js/-/http-parser-js-0.5.9.tgz"
  integrity sha512-n1XsPy3rXVxlqxVioEWdC+0+M+SQw0DpJynwtOPo1X+ZlvdzTLtDBIJJlDQTnwZIFJrZSzSGmIOUdP8tu+SgLw==

idb@7.1.1:
  version "7.1.1"
  resolved "https://registry.npmjs.org/idb/-/idb-7.1.1.tgz"
  integrity sha512-gchesWBzyvGHRO9W8tzUWFDycow5gwjvFKfyV9FF32Y7F50yZMp7mP+T2mJIWFx49zicqyC4uefHM17o6xKIVQ==

is-fullwidth-code-point@^3.0.0:
  version "3.0.0"
  resolved "https://registry.npmjs.org/is-fullwidth-code-point/-/is-fullwidth-code-point-3.0.0.tgz"
  integrity sha512-zymm5+u+sCsSWyD9qNaejV3DFvhCKclKdizYaJUuHA83RLjb7nSuGnddCHGv0hk+KY7BMAlsWeK4Ueg6EV6XQg==

lodash.camelcase@^4.3.0:
  version "4.3.0"
  resolved "https://registry.npmjs.org/lodash.camelcase/-/lodash.camelcase-4.3.0.tgz"
  integrity sha512-TwuEnCnxbc3rAvhf/LbG7tJUDzhqXyFnv3dtzLOPgCG/hODL7WFnsbwktkD7yUV0RrreP/l1PALq/YSg6VvjlA==

long@^5.0.0:
  version "5.3.0"
  resolved "https://registry.npmjs.org/long/-/long-5.3.0.tgz"
  integrity sha512-5vvY5yF1zF/kXk+L94FRiTDa1Znom46UjPCH6/XbSvS8zBKMFBHTJk8KDMqJ+2J6QezQFi7k1k8v21ClJYHPaw==

magic-string@^0.30.11:
  version "0.30.17"
  resolved "https://registry.npmjs.org/magic-string/-/magic-string-0.30.17.tgz"
  integrity sha512-sNPKHvyjVf7gyjwS4xGTaW/mCnF8wnjtifKBEhxfZ7E/S8tQ0rssrwGNn6q8JH/ohItJfSQp9mBtQYuTlH5QnA==
  dependencies:
    "@jridgewell/sourcemap-codec" "^1.5.0"

nanoid@^3.3.8:
  version "3.3.8"
  resolved "https://registry.npmjs.org/nanoid/-/nanoid-3.3.8.tgz"
  integrity sha512-WNLf5Sd8oZxOm+TzppcYk8gVOgP+l58xNy58D0nbUnOxOWRWvlcCV4kUF7ltmI6PsrLl/BgKEyS4mqsGChFN0w==

picocolors@^1.1.1:
  version "1.1.1"
  resolved "https://registry.npmjs.org/picocolors/-/picocolors-1.1.1.tgz"
  integrity sha512-xceH2snhtb5M9liqDsmEw56le376mTZkEX/jEb/RxNFyegNul7eNslCXP9FDj/Lcu0X8KEyMceP2ntpaHrDEVA==

postcss@^8.4.48, postcss@^8.5.1:
  version "8.5.1"
  resolved "https://registry.npmjs.org/postcss/-/postcss-8.5.1.tgz"
  integrity sha512-6oz2beyjc5VMn/KV1pPw8fliQkhBXrVn1Z3TVyqZxU8kZpzEKhBdmCFqI6ZbmGtamQvQGuU1sgPTk8ZrXDD7jQ==
  dependencies:
    nanoid "^3.3.8"
    picocolors "^1.1.1"
    source-map-js "^1.2.1"

protobufjs@^7.2.5:
  version "7.4.0"
  resolved "https://registry.npmjs.org/protobufjs/-/protobufjs-7.4.0.tgz"
  integrity sha512-mRUWCc3KUU4w1jU8sGxICXH/gNS94DvI1gxqDvBzhj1JpcsimQkYiOJfwsPUykUI5ZaspFbSgmBLER8IrQ3tqw==
  dependencies:
    "@protobufjs/aspromise" "^1.1.2"
    "@protobufjs/base64" "^1.1.2"
    "@protobufjs/codegen" "^2.0.4"
    "@protobufjs/eventemitter" "^1.1.0"
    "@protobufjs/fetch" "^1.1.0"
    "@protobufjs/float" "^1.0.2"
    "@protobufjs/inquire" "^1.1.0"
    "@protobufjs/path" "^1.1.2"
    "@protobufjs/pool" "^1.1.0"
    "@protobufjs/utf8" "^1.1.0"
    "@types/node" ">=13.7.0"
    long "^5.0.0"

require-directory@^2.1.1:
  version "2.1.1"
  resolved "https://registry.npmjs.org/require-directory/-/require-directory-2.1.1.tgz"
  integrity sha512-fGxEI7+wsG9xrvdjsrlmL22OMTTiHRwAMroiEeMgq8gzoLC/PQr7RsRDSTLUg/bZAZtF+TVIkHc6/4RIKrui+Q==

rollup@^4.30.1:
  version "4.34.6"
  resolved "https://registry.npmjs.org/rollup/-/rollup-4.34.6.tgz"
  integrity sha512-wc2cBWqJgkU3Iz5oztRkQbfVkbxoz5EhnCGOrnJvnLnQ7O0WhQUYyv18qQI79O8L7DdHrrlJNeCHd4VGpnaXKQ==
  dependencies:
    "@types/estree" "1.0.6"
  optionalDependencies:
    "@rollup/rollup-android-arm-eabi" "4.34.6"
    "@rollup/rollup-android-arm64" "4.34.6"
    "@rollup/rollup-darwin-arm64" "4.34.6"
    "@rollup/rollup-darwin-x64" "4.34.6"
    "@rollup/rollup-freebsd-arm64" "4.34.6"
    "@rollup/rollup-freebsd-x64" "4.34.6"
    "@rollup/rollup-linux-arm-gnueabihf" "4.34.6"
    "@rollup/rollup-linux-arm-musleabihf" "4.34.6"
    "@rollup/rollup-linux-arm64-gnu" "4.34.6"
    "@rollup/rollup-linux-arm64-musl" "4.34.6"
    "@rollup/rollup-linux-loongarch64-gnu" "4.34.6"
    "@rollup/rollup-linux-powerpc64le-gnu" "4.34.6"
    "@rollup/rollup-linux-riscv64-gnu" "4.34.6"
    "@rollup/rollup-linux-s390x-gnu" "4.34.6"
    "@rollup/rollup-linux-x64-gnu" "4.34.6"
    "@rollup/rollup-linux-x64-musl" "4.34.6"
    "@rollup/rollup-win32-arm64-msvc" "4.34.6"
    "@rollup/rollup-win32-ia32-msvc" "4.34.6"
    "@rollup/rollup-win32-x64-msvc" "4.34.6"
    fsevents "~2.3.2"

safe-buffer@>=5.1.0:
  version "5.2.1"
  resolved "https://registry.npmjs.org/safe-buffer/-/safe-buffer-5.2.1.tgz"
  integrity sha512-rp3So07KcdmmKbGvgaNxQSJr7bGVSVk5S9Eq1F+ppbRo70+YeaDxkw5Dd8NPN+GD6bjnYm2VuPuCXmpuYvmCXQ==

source-map-js@^1.2.0, source-map-js@^1.2.1:
  version "1.2.1"
  resolved "https://registry.npmjs.org/source-map-js/-/source-map-js-1.2.1.tgz"
  integrity sha512-UXWMKhLOwVKb728IUtQPXxfYU+usdybtUrK/8uGE8CQMvrhOpwvzDBwj0QhSL7MQc7vIsISBG8VQ8+IDQxpfQA==

string-width@^4.1.0, string-width@^4.2.0, string-width@^4.2.3:
  version "4.2.3"
  resolved "https://registry.npmjs.org/string-width/-/string-width-4.2.3.tgz"
  integrity sha512-wKyQRQpjJ0sIp62ErSZdGsjMJWsap5oRNihHhu6G7JVO/9jIB6UyevL+tXuOqrng8j/cxKTWyWUwvSTriiZz/g==
  dependencies:
    emoji-regex "^8.0.0"
    is-fullwidth-code-point "^3.0.0"
    strip-ansi "^6.0.1"

strip-ansi@^6.0.0, strip-ansi@^6.0.1:
  version "6.0.1"
  resolved "https://registry.npmjs.org/strip-ansi/-/strip-ansi-6.0.1.tgz"
  integrity sha512-Y38VPSHcqkFrCpFnQ9vuSXmquuv5oXOKpGeT6aGrr3o3Gc9AlVa6JBfUSOCnbxGGZF+/0ooI7KrPuUSztUdU5A==
  dependencies:
    ansi-regex "^5.0.1"

tslib@^2.1.0:
  version "2.8.1"
  resolved "https://registry.npmjs.org/tslib/-/tslib-2.8.1.tgz"
  integrity sha512-oJFu94HQb+KVduSUQL7wnpmqnfmLsOA/nAh6b6EH0wCEoK0/mPeXU6c3wKDV83MkOuHPRHtSXKKU99IBazS/2w==

undici-types@~6.20.0:
  version "6.20.0"
  resolved "https://registry.npmjs.org/undici-types/-/undici-types-6.20.0.tgz"
  integrity sha512-Ny6QZ2Nju20vw1SRHe3d9jVu6gJ+4e3+MMpqu7pqE5HT6WsTSlce++GQmK5UXS8mzV8DSYHrQH+Xrf2jVcuKNg==

"vite@^5.0.0 || ^6.0.0", vite@^6.1.0:
  version "6.1.0"
  resolved "https://registry.npmjs.org/vite/-/vite-6.1.0.tgz"
  integrity sha512-RjjMipCKVoR4hVfPY6GQTgveinjNuyLw+qruksLDvA5ktI1150VmcMBKmQaEWJhg/j6Uaf6dNCNA0AfdzUb/hQ==
  dependencies:
    esbuild "^0.24.2"
    postcss "^8.5.1"
    rollup "^4.30.1"
  optionalDependencies:
    fsevents "~2.3.3"

vue-demi@latest:
  version "0.14.10"
  resolved "https://registry.npmjs.org/vue-demi/-/vue-demi-0.14.10.tgz"
  integrity sha512-nMZBOwuzabUO0nLgIcc6rycZEebF6eeUfaiQx9+WSk8e29IbLvPU9feI6tqW4kTo3hvoYAJkMh8n8D0fuISphg==

vue-router@^4.5.0:
  version "4.5.0"
  resolved "https://registry.npmjs.org/vue-router/-/vue-router-4.5.0.tgz"
  integrity sha512-HDuk+PuH5monfNuY+ct49mNmkCRK4xJAV9Ts4z9UFc4rzdDnxQLyCMGGc8pKhZhHTVzfanpNwB/lwqevcBwI4w==
  dependencies:
    "@vue/devtools-api" "^6.6.4"

"vue@^2.7.0 || ^3.2.0", "vue@^3.0.0-0 || ^2.6.0", vue@^3.2.0, vue@^3.2.25, vue@^3.5.13, vue@3.5.13:
  version "3.5.13"
  resolved "https://registry.npmjs.org/vue/-/vue-3.5.13.tgz"
  integrity sha512-wmeiSMxkZCSc+PM2w2VRsOYAZC8GdipNFRTsLSfodVqI9mbejKeXEGr8SckuLnrQPGe3oJN5c3K0vpoU9q/wCQ==
  dependencies:
    "@vue/compiler-dom" "3.5.13"
    "@vue/compiler-sfc" "3.5.13"
    "@vue/runtime-dom" "3.5.13"
    "@vue/server-renderer" "3.5.13"
    "@vue/shared" "3.5.13"

vuefire@^3.2.1:
  version "3.2.1"
  resolved "https://registry.npmjs.org/vuefire/-/vuefire-3.2.1.tgz"
  integrity sha512-APj/iFdEec9kO71Lsiv/7opo9xL0D43l7cjwh84rJ5WMzrmpi9z774zzN+PPhBpD6bXyueLcfg0VlOUhI9/jUA==
  dependencies:
    vue-demi latest

web-vitals@^4.2.4:
  version "4.2.4"
  resolved "https://registry.npmjs.org/web-vitals/-/web-vitals-4.2.4.tgz"
  integrity sha512-r4DIlprAGwJ7YM11VZp4R884m0Vmgr6EAKe3P+kO0PPj3Unqyvv59rczf6UiGcb9Z8QxZVcqKNwv/g0WNdWwsw==

websocket-driver@>=0.5.1:
  version "0.7.4"
  resolved "https://registry.npmjs.org/websocket-driver/-/websocket-driver-0.7.4.tgz"
  integrity sha512-b17KeDIQVjvb0ssuSDF2cYXSg2iztliJ4B9WdsuB6J952qCPKmnVq4DyW5motImXHDC1cBT/1UezrJVsKw5zjg==
  dependencies:
    http-parser-js ">=0.5.1"
    safe-buffer ">=5.1.0"
    websocket-extensions ">=0.1.1"

websocket-extensions@>=0.1.1:
  version "0.1.4"
  resolved "https://registry.npmjs.org/websocket-extensions/-/websocket-extensions-0.1.4.tgz"
  integrity sha512-OqedPIGOfsDlo31UNwYbCFMSaO9m9G/0faIHj5/dZFDMFqPTcx6UwqyOy3COEaEOg/9VsGIpdqn62W5KhoKSpg==

wrap-ansi@^7.0.0:
  version "7.0.0"
  resolved "https://registry.npmjs.org/wrap-ansi/-/wrap-ansi-7.0.0.tgz"
  integrity sha512-YVGIj2kamLSTxw6NsZjoBxfSwsn0ycdesmc4p+Q21c5zPuZ1pl+NfxVdxPtdHvmNVOQ6XSYG4AUtyt/Fi7D16Q==
  dependencies:
    ansi-styles "^4.0.0"
    string-width "^4.1.0"
    strip-ansi "^6.0.0"

y18n@^5.0.5:
  version "5.0.8"
  resolved "https://registry.npmjs.org/y18n/-/y18n-5.0.8.tgz"
  integrity sha512-0pfFzegeDWJHJIAmTLRP2DwHjdF5s7jo9tuztdQxAhINCdvS+3nGINqPd00AphqJR/0LhANUS6/+7SCb98YOfA==

yargs-parser@^21.1.1:
  version "21.1.1"
  resolved "https://registry.npmjs.org/yargs-parser/-/yargs-parser-21.1.1.tgz"
  integrity sha512-tVpsJW7DdjecAiFpbIB1e3qxIQsE6NoPc5/eTdrbbIC4h0LVsWhnoa3g+m2HclBIujHzsxZ4VJVA+GUuc2/LBw==

yargs@^17.7.2:
  version "17.7.2"
  resolved "https://registry.npmjs.org/yargs/-/yargs-17.7.2.tgz"
  integrity sha512-7dSzzRQ++CKnNI/krKnYRV7JKKPUXMEh61soaHKg9mrWEhzFWhFnxPxGl+69cD1Ou63C13NUPCnmIcrvqCuM6w==
  dependencies:
    cliui "^8.0.1"
    escalade "^3.1.1"
    get-caller-file "^2.0.5"
    require-directory "^2.1.1"
    string-width "^4.2.3"
    y18n "^5.0.5"
    yargs-parser "^21.1.1"
